{
  "name": "babel-preset-running-with-scissors",
  "version": "1.0.0",
  "lockfileVersion": 1,
  "requires": true,
  "dependencies": {
    "@babel/code-frame": {
      "version": "7.0.0",
      "resolved": "https://registry.npmjs.org/@babel/code-frame/-/code-frame-7.0.0.tgz",
      "integrity": "sha512-OfC2uemaknXr87bdLUkWog7nYuliM9Ij5HUcajsVcMCpQrcLmtxRbVFTIqmcSkSeYRBFBRxs2FiUqFJDLdiebA==",
      "requires": {
        "@babel/highlight": "^7.0.0"
      }
    },
    "@babel/generator": {
      "version": "7.0.0",
      "resolved": "https://registry.npmjs.org/@babel/generator/-/generator-7.0.0.tgz",
      "integrity": "sha512-/BM2vupkpbZXq22l1ALO7MqXJZH2k8bKVv8Y+pABFnzWdztDB/ZLveP5At21vLz5c2YtSE6p7j2FZEsqafMz5Q==",
      "requires": {
        "@babel/types": "^7.0.0",
        "jsesc": "^2.5.1",
        "lodash": "^4.17.10",
        "source-map": "^0.5.0",
        "trim-right": "^1.0.1"
      }
    },
    "@babel/helper-function-name": {
      "version": "7.0.0",
      "resolved": "https://registry.npmjs.org/@babel/helper-function-name/-/helper-function-name-7.0.0.tgz",
      "integrity": "sha512-Zo+LGvfYp4rMtz84BLF3bavFTdf8y4rJtMPTe2J+rxYmnDOIeH8le++VFI/pRJU+rQhjqiXxE4LMaIau28Tv1Q==",
      "requires": {
        "@babel/helper-get-function-arity": "^7.0.0",
        "@babel/template": "^7.0.0",
        "@babel/types": "^7.0.0"
      }
    },
    "@babel/helper-get-function-arity": {
      "version": "7.0.0",
      "resolved": "https://registry.npmjs.org/@babel/helper-get-function-arity/-/helper-get-function-arity-7.0.0.tgz",
      "integrity": "sha512-r2DbJeg4svYvt3HOS74U4eWKsUAMRH01Z1ds1zx8KNTPtpTL5JAsdFv8BNyOpVqdFhHkkRDIg5B4AsxmkjAlmQ==",
      "requires": {
        "@babel/types": "^7.0.0"
      }
    },
    "@babel/helper-member-expression-to-functions": {
      "version": "7.0.0",
      "resolved": "https://registry.npmjs.org/@babel/helper-member-expression-to-functions/-/helper-member-expression-to-functions-7.0.0.tgz",
      "integrity": "sha512-avo+lm/QmZlv27Zsi0xEor2fKcqWG56D5ae9dzklpIaY7cQMK5N8VSpaNVPPagiqmy7LrEjK1IWdGMOqPu5csg==",
      "requires": {
        "@babel/types": "^7.0.0"
      }
    },
    "@babel/helper-optimise-call-expression": {
      "version": "7.0.0",
      "resolved": "https://registry.npmjs.org/@babel/helper-optimise-call-expression/-/helper-optimise-call-expression-7.0.0.tgz",
      "integrity": "sha512-u8nd9NQePYNQV8iPWu/pLLYBqZBa4ZaY1YWRFMuxrid94wKI1QNt67NEZ7GAe5Kc/0LLScbim05xZFWkAdrj9g==",
      "requires": {
        "@babel/types": "^7.0.0"
      }
    },
    "@babel/helper-plugin-utils": {
      "version": "7.0.0",
      "resolved": "https://registry.npmjs.org/@babel/helper-plugin-utils/-/helper-plugin-utils-7.0.0.tgz",
      "integrity": "sha512-CYAOUCARwExnEixLdB6sDm2dIJ/YgEAKDM1MOeMeZu9Ld/bDgVo8aiWrXwcY7OBh+1Ea2uUcVRcxKk0GJvW7QA=="
    },
    "@babel/helper-replace-supers": {
      "version": "7.0.0",
      "resolved": "https://registry.npmjs.org/@babel/helper-replace-supers/-/helper-replace-supers-7.0.0.tgz",
      "integrity": "sha512-fsSv7VogxzMSmGch6DwhKHGsciVXo7hbfhBgH9ZrgJMXKMjO7ASQTUfbVL7MU1uCfviyqjucazGK7TWPT9weuQ==",
      "requires": {
        "@babel/helper-member-expression-to-functions": "^7.0.0",
        "@babel/helper-optimise-call-expression": "^7.0.0",
        "@babel/traverse": "^7.0.0",
        "@babel/types": "^7.0.0"
      }
    },
    "@babel/helper-split-export-declaration": {
      "version": "7.0.0",
      "resolved": "https://registry.npmjs.org/@babel/helper-split-export-declaration/-/helper-split-export-declaration-7.0.0.tgz",
      "integrity": "sha512-MXkOJqva62dfC0w85mEf/LucPPS/1+04nmmRMPEBUB++hiiThQ2zPtX/mEWQ3mtzCEjIJvPY8nuwxXtQeQwUag==",
      "requires": {
        "@babel/types": "^7.0.0"
      }
    },
    "@babel/helper-wrap-function": {
      "version": "7.0.0",
      "resolved": "https://registry.npmjs.org/@babel/helper-wrap-function/-/helper-wrap-function-7.0.0.tgz",
      "integrity": "sha512-kjprWPDNVPZ/9pyLRXcZBvfjnFwqokmXTPTaC4AV8Ns7WRl7ewSxrB19AWZzQsC/WSPQLOw1ciR8uPYkAM1znA==",
      "requires": {
        "@babel/helper-function-name": "^7.0.0",
        "@babel/template": "^7.0.0",
        "@babel/traverse": "^7.0.0",
        "@babel/types": "^7.0.0"
      }
    },
    "@babel/highlight": {
      "version": "7.0.0",
      "resolved": "https://registry.npmjs.org/@babel/highlight/-/highlight-7.0.0.tgz",
      "integrity": "sha512-UFMC4ZeFC48Tpvj7C8UgLvtkaUuovQX+5xNWrsIoMG8o2z+XFKjKaN9iVmS84dPwVN00W4wPmqvYoZF3EGAsfw==",
      "requires": {
        "chalk": "^2.0.0",
        "esutils": "^2.0.2",
        "js-tokens": "^4.0.0"
      }
    },
    "@babel/parser": {
      "version": "7.0.0",
      "resolved": "https://registry.npmjs.org/@babel/parser/-/parser-7.0.0.tgz",
      "integrity": "sha512-RgJhNdRinpO8zibnoHbzTTexNs4c8ROkXFBanNDZTLHjwbdLk8J5cJSKulx/bycWTLYmKVNCkxRtVCoJnqPk+g=="
    },
    "@babel/plugin-proposal-class-properties": {
      "version": "7.0.0",
      "resolved": "https://registry.npmjs.org/@babel/plugin-proposal-class-properties/-/plugin-proposal-class-properties-7.0.0.tgz",
      "integrity": "sha512-mVgsbdySh6kuzv4omXvw0Kuh+3hrUrQ883qTCf75MqfC6zctx2LXrP3Wt+bbJmB5fE5nfhf/Et2pQyrRy4j0Pg==",
      "requires": {
        "@babel/helper-function-name": "^7.0.0",
        "@babel/helper-member-expression-to-functions": "^7.0.0",
        "@babel/helper-optimise-call-expression": "^7.0.0",
        "@babel/helper-plugin-utils": "^7.0.0",
        "@babel/helper-replace-supers": "^7.0.0",
        "@babel/plugin-syntax-class-properties": "^7.0.0"
      }
    },
    "@babel/plugin-proposal-decorators": {
      "version": "7.0.0",
      "resolved": "https://registry.npmjs.org/@babel/plugin-proposal-decorators/-/plugin-proposal-decorators-7.0.0.tgz",
      "integrity": "sha512-td2C+9oBYg4b70VD9Qp/Nzmktb558D4JlOyaDS/dFoHa7plIxt5dvUM+mIJn3Wh1Z6GXItygbOTrJxEgX19kcA==",
      "requires": {
        "@babel/helper-plugin-utils": "^7.0.0",
        "@babel/plugin-syntax-decorators": "^7.0.0"
      }
    },
    "@babel/plugin-proposal-do-expressions": {
      "version": "7.0.0",
      "resolved": "https://registry.npmjs.org/@babel/plugin-proposal-do-expressions/-/plugin-proposal-do-expressions-7.0.0.tgz",
      "integrity": "sha512-fIXsLAsQ5gVhQF44wZ9Yc3EBxaCHzeNjd8z9ivEzKOQyv5VoU1YJQ3AZa0VJgQMX5k/cbXJpNwp2mtg7iSdiGg==",
      "requires": {
        "@babel/helper-plugin-utils": "^7.0.0",
        "@babel/plugin-syntax-do-expressions": "^7.0.0"
      }
    },
    "@babel/plugin-proposal-export-default-from": {
      "version": "7.0.0",
      "resolved": "https://registry.npmjs.org/@babel/plugin-proposal-export-default-from/-/plugin-proposal-export-default-from-7.0.0.tgz",
      "integrity": "sha512-cWhkx6SyjZ4caFOanoPmDNgQCuYYTmou4QXy886JsyLTw/vhWQbop2gLKsWyyswrJkKTB7fSNxVYbP/oEsoySA==",
      "requires": {
        "@babel/helper-plugin-utils": "^7.0.0",
        "@babel/plugin-syntax-export-default-from": "^7.0.0"
      }
    },
    "@babel/plugin-proposal-export-namespace-from": {
      "version": "7.0.0",
      "resolved": "https://registry.npmjs.org/@babel/plugin-proposal-export-namespace-from/-/plugin-proposal-export-namespace-from-7.0.0.tgz",
      "integrity": "sha512-UZuK8lkobh3570vCu0sxDQn+ZlCV6CVLlXe+nNohvPr6/zI5I+j4Ir2fTTCG0ayBQanym0N+29K5+v4c8SATaQ==",
      "requires": {
        "@babel/helper-plugin-utils": "^7.0.0",
        "@babel/plugin-syntax-export-namespace-from": "^7.0.0"
      }
    },
    "@babel/plugin-proposal-function-bind": {
      "version": "7.0.0",
      "resolved": "https://registry.npmjs.org/@babel/plugin-proposal-function-bind/-/plugin-proposal-function-bind-7.0.0.tgz",
      "integrity": "sha512-CNLspFXoquetQqPTFRedMvF7VYpsY2IecFu7Gcb86w+70lXojIKHhX1QFt5dhyk5n4MsjKrdXlGipbCFqD0Xeg==",
      "requires": {
        "@babel/helper-plugin-utils": "^7.0.0",
        "@babel/plugin-syntax-function-bind": "^7.0.0"
      }
    },
    "@babel/plugin-proposal-function-sent": {
      "version": "7.0.0",
      "resolved": "https://registry.npmjs.org/@babel/plugin-proposal-function-sent/-/plugin-proposal-function-sent-7.0.0.tgz",
      "integrity": "sha512-XE5UdOfJy1w/m8vKhDuuHq8ZaQkcjxlzJ7i0IZ0eAhzxlA2f4UOKT39dsTgukgUgu7YK98XFAHoRFWizLg8MQg==",
      "requires": {
        "@babel/helper-plugin-utils": "^7.0.0",
        "@babel/helper-wrap-function": "^7.0.0",
        "@babel/plugin-syntax-function-sent": "^7.0.0"
      }
    },
    "@babel/plugin-proposal-json-strings": {
      "version": "7.0.0",
      "resolved": "https://registry.npmjs.org/@babel/plugin-proposal-json-strings/-/plugin-proposal-json-strings-7.0.0.tgz",
      "integrity": "sha512-kfVdUkIAGJIVmHmtS/40i/fg/AGnw/rsZBCaapY5yjeO5RA9m165Xbw9KMOu2nqXP5dTFjEjHdfNdoVcHv133Q==",
      "requires": {
        "@babel/helper-plugin-utils": "^7.0.0",
        "@babel/plugin-syntax-json-strings": "^7.0.0"
      }
    },
    "@babel/plugin-proposal-logical-assignment-operators": {
      "version": "7.0.0",
      "resolved": "https://registry.npmjs.org/@babel/plugin-proposal-logical-assignment-operators/-/plugin-proposal-logical-assignment-operators-7.0.0.tgz",
      "integrity": "sha512-06osaVN0bKEIXvzScf6qPpbDUEP4sixqVdjwpSPPwEtMyDC+x8PDvcJCww6p6TDOTIHnuUx2Afmguf/RypKDIw==",
      "requires": {
        "@babel/helper-plugin-utils": "^7.0.0",
        "@babel/plugin-syntax-logical-assignment-operators": "^7.0.0"
      }
    },
    "@babel/plugin-proposal-nullish-coalescing-operator": {
      "version": "7.0.0",
      "resolved": "https://registry.npmjs.org/@babel/plugin-proposal-nullish-coalescing-operator/-/plugin-proposal-nullish-coalescing-operator-7.0.0.tgz",
      "integrity": "sha512-QIN3UFo1ul4ruAsjIqK43PeXedo1qY74zeGrODJl1KfCGeMc6qJC4rb5Ylml/smzxibqsDeVZGH+TmWHCldRQQ==",
      "requires": {
        "@babel/helper-plugin-utils": "^7.0.0",
        "@babel/plugin-syntax-nullish-coalescing-operator": "^7.0.0"
      }
    },
    "@babel/plugin-proposal-numeric-separator": {
      "version": "7.0.0",
      "resolved": "https://registry.npmjs.org/@babel/plugin-proposal-numeric-separator/-/plugin-proposal-numeric-separator-7.0.0.tgz",
      "integrity": "sha512-m4iDNpbBv2rTxxgViAeaqLOStc2wrlVAC5ifp6pjBPG29F56LdlPgf5CQYzj99y3kYeKqsyf/dcMx/r+QfwMZg==",
      "requires": {
        "@babel/helper-plugin-utils": "^7.0.0",
        "@babel/plugin-syntax-numeric-separator": "^7.0.0"
      }
    },
    "@babel/plugin-proposal-optional-chaining": {
      "version": "7.0.0",
      "resolved": "https://registry.npmjs.org/@babel/plugin-proposal-optional-chaining/-/plugin-proposal-optional-chaining-7.0.0.tgz",
      "integrity": "sha512-7x8HLa71OzNiofbQUVakS0Kmg++6a+cXNfS7QKHbbv03SuSaumJyaWsfNgw+T7aqrJlqurYpZqrkPgXu0iZK0w==",
      "requires": {
        "@babel/helper-plugin-utils": "^7.0.0",
        "@babel/plugin-syntax-optional-chaining": "^7.0.0"
      }
    },
    "@babel/plugin-proposal-pipeline-operator": {
      "version": "7.0.0",
      "resolved": "https://registry.npmjs.org/@babel/plugin-proposal-pipeline-operator/-/plugin-proposal-pipeline-operator-7.0.0.tgz",
      "integrity": "sha512-MN189PDyTMoor/YFh9dk6HpSZLMGHCXRdAhgmzshwcalbgYh5Mkn7Ib17lOo6fmLwHdyQ4GR4yagizfeR2LwQQ==",
      "requires": {
        "@babel/helper-plugin-utils": "^7.0.0",
        "@babel/plugin-syntax-pipeline-operator": "^7.0.0"
      }
    },
    "@babel/plugin-proposal-throw-expressions": {
      "version": "7.0.0",
      "resolved": "https://registry.npmjs.org/@babel/plugin-proposal-throw-expressions/-/plugin-proposal-throw-expressions-7.0.0.tgz",
      "integrity": "sha512-CA2EUiwnbXrsdV4hy3jYghm91WaL7zL7xYfu628dyItRr6gylbRxshghGEK/Hhm//rR58N3PBmEeuYqSW57IUQ==",
      "requires": {
        "@babel/helper-plugin-utils": "^7.0.0",
        "@babel/plugin-syntax-throw-expressions": "^7.0.0"
      }
    },
    "@babel/plugin-syntax-class-properties": {
      "version": "7.0.0",
      "resolved": "https://registry.npmjs.org/@babel/plugin-syntax-class-properties/-/plugin-syntax-class-properties-7.0.0.tgz",
      "integrity": "sha512-cR12g0Qzn4sgkjrbrzWy2GE7m9vMl/sFkqZ3gIpAQdrvPDnLM8180i+ANDFIXfjHo9aqp0ccJlQ0QNZcFUbf9w==",
      "requires": {
        "@babel/helper-plugin-utils": "^7.0.0"
      }
    },
    "@babel/plugin-syntax-decorators": {
      "version": "7.0.0",
      "resolved": "https://registry.npmjs.org/@babel/plugin-syntax-decorators/-/plugin-syntax-decorators-7.0.0.tgz",
      "integrity": "sha512-eD1fI6SSuZDbyTP6jG+LBHv7Fr6zh2P1GYsAT8opAuzrDqwSM20qfvZTwCRSHDeysxLd9s6e94X6dcsGQG9dGA==",
      "requires": {
        "@babel/helper-plugin-utils": "^7.0.0"
      }
    },
    "@babel/plugin-syntax-do-expressions": {
      "version": "7.0.0",
      "resolved": "https://registry.npmjs.org/@babel/plugin-syntax-do-expressions/-/plugin-syntax-do-expressions-7.0.0.tgz",
      "integrity": "sha512-ZN5MO2WuYfznTK0/TRlF9qG+pBGV/bY5CRO9/a00XEGvaU31JAewRbYaZrySDw6kwSdtPG76yk9jZdPrEC3jWg==",
      "requires": {
        "@babel/helper-plugin-utils": "^7.0.0"
      }
    },
    "@babel/plugin-syntax-dynamic-import": {
      "version": "7.0.0",
      "resolved": "https://registry.npmjs.org/@babel/plugin-syntax-dynamic-import/-/plugin-syntax-dynamic-import-7.0.0.tgz",
      "integrity": "sha512-Gt9xNyRrCHCiyX/ZxDGOcBnlJl0I3IWicpZRC4CdC0P5a/I07Ya2OAMEBU+J7GmRFVmIetqEYRko6QYRuKOESw==",
      "requires": {
        "@babel/helper-plugin-utils": "^7.0.0"
      }
    },
    "@babel/plugin-syntax-export-default-from": {
      "version": "7.0.0",
      "resolved": "https://registry.npmjs.org/@babel/plugin-syntax-export-default-from/-/plugin-syntax-export-default-from-7.0.0.tgz",
      "integrity": "sha512-HNnjg/fFFbnuLAqr/Ocp1Y3GB4AjmXcu1xxn3ql3bS2kGrB/qi+Povshb8i3hOkE5jNozzh8r/0/lq1w8oOWbQ==",
      "requires": {
        "@babel/helper-plugin-utils": "^7.0.0"
      }
    },
    "@babel/plugin-syntax-export-namespace-from": {
      "version": "7.0.0",
      "resolved": "https://registry.npmjs.org/@babel/plugin-syntax-export-namespace-from/-/plugin-syntax-export-namespace-from-7.0.0.tgz",
      "integrity": "sha512-l314XT1eMa0MWboSmG4BdKukHfSpSpQRenUoZmEpL6hqc5nc1/ddpLETjPB77gZE1dZ9qxy5D3U3UUjjcX2d4g==",
      "requires": {
        "@babel/helper-plugin-utils": "^7.0.0"
      }
    },
    "@babel/plugin-syntax-function-bind": {
      "version": "7.0.0",
      "resolved": "https://registry.npmjs.org/@babel/plugin-syntax-function-bind/-/plugin-syntax-function-bind-7.0.0.tgz",
      "integrity": "sha512-dGxXCBMhRgdoJdTDouuC5sTRqZihfm4bKTWCJOXpTknZnmb1AozdvoNQA8V1WCccwk0IGKr0LaCbsQDQNp48JA==",
      "requires": {
        "@babel/helper-plugin-utils": "^7.0.0"
      }
    },
    "@babel/plugin-syntax-function-sent": {
      "version": "7.0.0",
      "resolved": "https://registry.npmjs.org/@babel/plugin-syntax-function-sent/-/plugin-syntax-function-sent-7.0.0.tgz",
      "integrity": "sha512-j+D8C+clbieA+1UFlRzMkVozWNLB94TCJsUUE7OCyKBRM329ZZXnFPjgm0em5ddLsKV9DNpdtaOZsNZ1J7gHyA==",
      "requires": {
        "@babel/helper-plugin-utils": "^7.0.0"
      }
    },
    "@babel/plugin-syntax-import-meta": {
      "version": "7.0.0",
      "resolved": "https://registry.npmjs.org/@babel/plugin-syntax-import-meta/-/plugin-syntax-import-meta-7.0.0.tgz",
      "integrity": "sha512-FEoGvhXVAiWzpDjyZIlBGzKyNk/lnRPy7aPke3PjVkiAY0QFsvFfkjUg5diRwVfowBA8SJqvFt0ZoXNSjl70hQ==",
      "requires": {
        "@babel/helper-plugin-utils": "^7.0.0"
      }
    },
    "@babel/plugin-syntax-json-strings": {
      "version": "7.0.0",
      "resolved": "https://registry.npmjs.org/@babel/plugin-syntax-json-strings/-/plugin-syntax-json-strings-7.0.0.tgz",
      "integrity": "sha512-UlSfNydC+XLj4bw7ijpldc1uZ/HB84vw+U6BTuqMdIEmz/LDe63w/GHtpQMdXWdqQZFeAI9PjnHe/vDhwirhKA==",
      "requires": {
        "@babel/helper-plugin-utils": "^7.0.0"
      }
    },
    "@babel/plugin-syntax-logical-assignment-operators": {
      "version": "7.0.0",
      "resolved": "https://registry.npmjs.org/@babel/plugin-syntax-logical-assignment-operators/-/plugin-syntax-logical-assignment-operators-7.0.0.tgz",
      "integrity": "sha512-eOcVPYWpdReMfxHZIBRjC5wlB8iU7kM6eQyst0kK6SwUPmpYNKyB4rJdf0HTeUEOSRqdlH6uMiLAzReA0qDGLQ==",
      "requires": {
        "@babel/helper-plugin-utils": "^7.0.0"
      }
    },
    "@babel/plugin-syntax-nullish-coalescing-operator": {
      "version": "7.0.0",
      "resolved": "https://registry.npmjs.org/@babel/plugin-syntax-nullish-coalescing-operator/-/plugin-syntax-nullish-coalescing-operator-7.0.0.tgz",
      "integrity": "sha512-oAJmMsAvTSIk9y0sZdU2S/nY44PEUuHN7EzNDMgbuR4e/OwyfR9lSmoBJBZ2lslFZIqhksrTt4i+av7uKfNYDw==",
      "requires": {
        "@babel/helper-plugin-utils": "^7.0.0"
      }
    },
    "@babel/plugin-syntax-numeric-separator": {
      "version": "7.0.0",
      "resolved": "https://registry.npmjs.org/@babel/plugin-syntax-numeric-separator/-/plugin-syntax-numeric-separator-7.0.0.tgz",
      "integrity": "sha512-t9RMUPWsFXVeUZxEOhIDkVqYLi1sWOTjxFBAp8wJtaARilvkGlEQvSObd2W5YKicDktINI9XmdV0sB2FZaLOpw==",
      "requires": {
        "@babel/helper-plugin-utils": "^7.0.0"
      }
    },
    "@babel/plugin-syntax-optional-chaining": {
      "version": "7.0.0",
      "resolved": "https://registry.npmjs.org/@babel/plugin-syntax-optional-chaining/-/plugin-syntax-optional-chaining-7.0.0.tgz",
      "integrity": "sha512-QXedQsZf8yua1nNrXSePT0TsGSQH9A1iK08m9dhCMdZeJaaxYcQfXdgHWVV6Cp7WE/afPVvSKIsAHK5wP+yxDA==",
      "requires": {
        "@babel/helper-plugin-utils": "^7.0.0"
      }
    },
    "@babel/plugin-syntax-pipeline-operator": {
      "version": "7.0.0",
      "resolved": "https://registry.npmjs.org/@babel/plugin-syntax-pipeline-operator/-/plugin-syntax-pipeline-operator-7.0.0.tgz",
      "integrity": "sha512-McK1JV4klGq2r0UZ1SLE2u+u37ElArBcPMGl6JizdgEXD3ttp0dpOB5ZpqpeRHkIgnl46th64UHrFDteQ4P5aw==",
      "requires": {
        "@babel/helper-plugin-utils": "^7.0.0"
      }
    },
    "@babel/plugin-syntax-throw-expressions": {
      "version": "7.0.0",
      "resolved": "https://registry.npmjs.org/@babel/plugin-syntax-throw-expressions/-/plugin-syntax-throw-expressions-7.0.0.tgz",
      "integrity": "sha512-/5uORdWlPta/ALhI5zKtm0Y9vAYOa7HJMML0OnCGk9XZA4hpGjb0Xjt/OVDCJVawC/4FrlAGCHOaj9BtWeVDvg==",
      "requires": {
        "@babel/helper-plugin-utils": "^7.0.0"
      }
    },
    "@babel/template": {
      "version": "7.0.0",
      "resolved": "https://registry.npmjs.org/@babel/template/-/template-7.0.0.tgz",
      "integrity": "sha512-VLQZik/G5mjYJ6u19U3W2u7eM+rA/NGzH+GtHDFFkLTKLW66OasFrxZ/yK7hkyQcswrmvugFyZpDFRW0DjcjCw==",
      "requires": {
        "@babel/code-frame": "^7.0.0",
        "@babel/parser": "^7.0.0",
        "@babel/types": "^7.0.0"
      }
    },
    "@babel/traverse": {
      "version": "7.0.0",
      "resolved": "https://registry.npmjs.org/@babel/traverse/-/traverse-7.0.0.tgz",
      "integrity": "sha512-ka/lwaonJZTlJyn97C4g5FYjPOx+Oxd3ab05hbDr1Mx9aP1FclJ+SUHyLx3Tx40sGmOVJApDxE6puJhd3ld2kw==",
      "requires": {
        "@babel/code-frame": "^7.0.0",
        "@babel/generator": "^7.0.0",
        "@babel/helper-function-name": "^7.0.0",
        "@babel/helper-split-export-declaration": "^7.0.0",
        "@babel/parser": "^7.0.0",
        "@babel/types": "^7.0.0",
        "debug": "^3.1.0",
        "globals": "^11.1.0",
        "lodash": "^4.17.10"
      }
    },
    "@babel/types": {
      "version": "7.0.0",
      "resolved": "https://registry.npmjs.org/@babel/types/-/types-7.0.0.tgz",
      "integrity": "sha512-5tPDap4bGKTLPtci2SUl/B7Gv8RnuJFuQoWx26RJobS0fFrz4reUA3JnwIM+HVHEmWE0C1mzKhDtTp8NsWY02Q==",
      "requires": {
        "esutils": "^2.0.2",
        "lodash": "^4.17.10",
        "to-fast-properties": "^2.0.0"
      }
    },
    "ansi-styles": {
      "version": "3.2.1",
      "resolved": "https://registry.npmjs.org/ansi-styles/-/ansi-styles-3.2.1.tgz",
      "integrity": "sha512-VT0ZI6kZRdTh8YyJw3SMbYm/u+NqfsAxEpWO0Pf9sq8/e94WxxOpPKx9FR1FlyCtOVDNOQ+8ntlqFxiRc+r5qA==",
      "requires": {
        "color-convert": "^1.9.0"
      }
    },
    "chalk": {
      "version": "2.4.1",
      "resolved": "https://registry.npmjs.org/chalk/-/chalk-2.4.1.tgz",
      "integrity": "sha512-ObN6h1v2fTJSmUXoS3nMQ92LbDK9be4TV+6G+omQlGJFdcUX5heKi1LZ1YnRMIgwTLEj3E24bT6tYni50rlCfQ==",
      "requires": {
        "ansi-styles": "^3.2.1",
        "escape-string-regexp": "^1.0.5",
        "supports-color": "^5.3.0"
      }
    },
    "color-convert": {
      "version": "1.9.3",
      "resolved": "https://registry.npmjs.org/color-convert/-/color-convert-1.9.3.tgz",
      "integrity": "sha512-QfAUtd+vFdAtFQcC8CCyYt1fYWxSqAiK2cSD6zDB8N3cpsEBAvRxp9zOGg6G/SHHJYAT88/az/IuDGALsNVbGg==",
      "requires": {
        "color-name": "1.1.3"
      }
    },
    "color-name": {
      "version": "1.1.3",
      "resolved": "https://registry.npmjs.org/color-name/-/color-name-1.1.3.tgz",
      "integrity": "sha1-p9BVi9icQveV3UIyj3QIMcpTvCU="
    },
    "debug": {
      "version": "3.1.0",
      "resolved": "https://registry.npmjs.org/debug/-/debug-3.1.0.tgz",
      "integrity": "sha512-OX8XqP7/1a9cqkxYw2yXss15f26NKWBpDXQd0/uK/KPqdQhxbPa994hnzjcE2VqQpDslf55723cKPUOGSmMY3g==",
      "requires": {
        "ms": "2.0.0"
      }
    },
    "escape-string-regexp": {
      "version": "1.0.5",
      "resolved": "https://registry.npmjs.org/escape-string-regexp/-/escape-string-regexp-1.0.5.tgz",
      "integrity": "sha1-G2HAViGQqN/2rjuyzwIAyhMLhtQ="
    },
    "esutils": {
      "version": "2.0.2",
      "resolved": "https://registry.npmjs.org/esutils/-/esutils-2.0.2.tgz",
      "integrity": "sha1-Cr9PHKpbyx96nYrMbepPqqBLrJs="
    },
    "globals": {
      "version": "11.7.0",
      "resolved": "https://registry.npmjs.org/globals/-/globals-11.7.0.tgz",
      "integrity": "sha512-K8BNSPySfeShBQXsahYB/AbbWruVOTyVpgoIDnl8odPpeSfP2J5QO2oLFFdl2j7GfDCtZj2bMKar2T49itTPCg=="
    },
    "has-flag": {
      "version": "3.0.0",
      "resolved": "https://registry.npmjs.org/has-flag/-/has-flag-3.0.0.tgz",
      "integrity": "sha1-tdRU3CGZriJWmfNGfloH87lVuv0="
    },
    "js-tokens": {
      "version": "4.0.0",
      "resolved": "https://registry.npmjs.org/js-tokens/-/js-tokens-4.0.0.tgz",
      "integrity": "sha512-RdJUflcE3cUzKiMqQgsCu06FPu9UdIJO0beYbPhHN4k6apgJtifcoCtT9bcxOpYBtpD2kCM6Sbzg4CausW/PKQ=="
    },
    "jsesc": {
      "version": "2.5.1",
      "resolved": "https://registry.npmjs.org/jsesc/-/jsesc-2.5.1.tgz",
      "integrity": "sha1-5CGiqOINawgZ3yiQj3glJrlt0f4="
    },
    "lodash": {
      "version": "4.17.10",
      "resolved": "https://registry.npmjs.org/lodash/-/lodash-4.17.10.tgz",
      "integrity": "sha512-UejweD1pDoXu+AD825lWwp4ZGtSwgnpZxb3JDViD7StjQz+Nb/6l093lx4OQ0foGWNRoc19mWy7BzL+UAK2iVg=="
    },
    "ms": {
      "version": "2.0.0",
      "resolved": "https://registry.npmjs.org/ms/-/ms-2.0.0.tgz",
      "integrity": "sha1-VgiurfwAvmwpAd9fmGF4jeDVl8g="
    },
    "source-map": {
      "version": "0.5.7",
      "resolved": "https://registry.npmjs.org/source-map/-/source-map-0.5.7.tgz",
      "integrity": "sha1-igOdLRAh0i0eoUyA2OpGi6LvP8w="
    },
    "supports-color": {
      "version": "5.5.0",
      "resolved": "https://registry.npmjs.org/supports-color/-/supports-color-5.5.0.tgz",
      "integrity": "sha512-QjVjwdXIt408MIiAqCX4oUKsgU2EqAGzs2Ppkm4aQYbjm+ZEWEcW4SfFNTr4uMNZma0ey4f5lgLrkB0aX0QMow==",
      "requires": {
        "has-flag": "^3.0.0"
      }
    },
    "to-fast-properties": {
      "version": "2.0.0",
      "resolved": "https://registry.npmjs.org/to-fast-properties/-/to-fast-properties-2.0.0.tgz",
      "integrity": "sha1-3F5pjL0HkmW8c+A3doGk5Og/YW4="
    },
    "trim-right": {
      "version": "1.0.1",
      "resolved": "https://registry.npmjs.org/trim-right/-/trim-right-1.0.1.tgz",
      "integrity": "sha1-yy4SAwZ+DI3h9hQJS5/kVwTqYAM="
    }
  }
}
