{
  "name": "@tracker1/babel-preset-running-with-scissors",
  "version": "2.0.0",
  "lockfileVersion": 1,
  "requires": true,
  "dependencies": {
    "@babel/code-frame": {
      "version": "7.8.3",
      "resolved": "https://registry.npmjs.org/@babel/code-frame/-/code-frame-7.8.3.tgz",
      "integrity": "sha512-a9gxpmdXtZEInkCSHUJDLHZVBgb1QS0jhss4cPP93EW7s+uC5bikET2twEF3KV+7rDblJcmNvTR7VJejqd2C2g==",
      "requires": {
        "@babel/highlight": "^7.8.3"
      }
    },
    "@babel/generator": {
      "version": "7.8.8",
      "resolved": "https://registry.npmjs.org/@babel/generator/-/generator-7.8.8.tgz",
      "integrity": "sha512-HKyUVu69cZoclptr8t8U5b6sx6zoWjh8jiUhnuj3MpZuKT2dJ8zPTuiy31luq32swhI0SpwItCIlU8XW7BZeJg==",
      "requires": {
        "@babel/types": "^7.8.7",
        "jsesc": "^2.5.1",
        "lodash": "^4.17.13",
        "source-map": "^0.5.0"
      }
    },
    "@babel/helper-create-class-features-plugin": {
      "version": "7.8.6",
      "resolved": "https://registry.npmjs.org/@babel/helper-create-class-features-plugin/-/helper-create-class-features-plugin-7.8.6.tgz",
      "integrity": "sha512-klTBDdsr+VFFqaDHm5rR69OpEQtO2Qv8ECxHS1mNhJJvaHArR6a1xTf5K/eZW7eZpJbhCx3NW1Yt/sKsLXLblg==",
      "requires": {
        "@babel/helper-function-name": "^7.8.3",
        "@babel/helper-member-expression-to-functions": "^7.8.3",
        "@babel/helper-optimise-call-expression": "^7.8.3",
        "@babel/helper-plugin-utils": "^7.8.3",
        "@babel/helper-replace-supers": "^7.8.6",
        "@babel/helper-split-export-declaration": "^7.8.3"
      },
      "dependencies": {
        "@babel/helper-plugin-utils": {
          "version": "7.8.3",
          "resolved": "https://registry.npmjs.org/@babel/helper-plugin-utils/-/helper-plugin-utils-7.8.3.tgz",
          "integrity": "sha512-j+fq49Xds2smCUNYmEHF9kGNkhbet6yVIBp4e6oeQpH1RUs/Ir06xUKzDjDkGcaaokPiTNs2JBWHjaE4csUkZQ=="
        }
      }
    },
    "@babel/helper-function-name": {
      "version": "7.8.3",
      "resolved": "https://registry.npmjs.org/@babel/helper-function-name/-/helper-function-name-7.8.3.tgz",
      "integrity": "sha512-BCxgX1BC2hD/oBlIFUgOCQDOPV8nSINxCwM3o93xP4P9Fq6aV5sgv2cOOITDMtCfQ+3PvHp3l689XZvAM9QyOA==",
      "requires": {
        "@babel/helper-get-function-arity": "^7.8.3",
        "@babel/template": "^7.8.3",
        "@babel/types": "^7.8.3"
      }
    },
    "@babel/helper-get-function-arity": {
      "version": "7.8.3",
      "resolved": "https://registry.npmjs.org/@babel/helper-get-function-arity/-/helper-get-function-arity-7.8.3.tgz",
      "integrity": "sha512-FVDR+Gd9iLjUMY1fzE2SR0IuaJToR4RkCDARVfsBBPSP53GEqSFjD8gNyxg246VUyc/ALRxFaAK8rVG7UT7xRA==",
      "requires": {
        "@babel/types": "^7.8.3"
      }
    },
    "@babel/helper-member-expression-to-functions": {
      "version": "7.8.3",
      "resolved": "https://registry.npmjs.org/@babel/helper-member-expression-to-functions/-/helper-member-expression-to-functions-7.8.3.tgz",
      "integrity": "sha512-fO4Egq88utkQFjbPrSHGmGLFqmrshs11d46WI+WZDESt7Wu7wN2G2Iu+NMMZJFDOVRHAMIkB5SNh30NtwCA7RA==",
      "requires": {
        "@babel/types": "^7.8.3"
      }
    },
    "@babel/helper-optimise-call-expression": {
      "version": "7.8.3",
      "resolved": "https://registry.npmjs.org/@babel/helper-optimise-call-expression/-/helper-optimise-call-expression-7.8.3.tgz",
      "integrity": "sha512-Kag20n86cbO2AvHca6EJsvqAd82gc6VMGule4HwebwMlwkpXuVqrNRj6CkCV2sKxgi9MyAUnZVnZ6lJ1/vKhHQ==",
      "requires": {
        "@babel/types": "^7.8.3"
      }
    },
    "@babel/helper-replace-supers": {
      "version": "7.8.6",
      "resolved": "https://registry.npmjs.org/@babel/helper-replace-supers/-/helper-replace-supers-7.8.6.tgz",
      "integrity": "sha512-PeMArdA4Sv/Wf4zXwBKPqVj7n9UF/xg6slNRtZW84FM7JpE1CbG8B612FyM4cxrf4fMAMGO0kR7voy1ForHHFA==",
      "requires": {
        "@babel/helper-member-expression-to-functions": "^7.8.3",
        "@babel/helper-optimise-call-expression": "^7.8.3",
        "@babel/traverse": "^7.8.6",
        "@babel/types": "^7.8.6"
      }
    },
    "@babel/helper-split-export-declaration": {
      "version": "7.8.3",
      "resolved": "https://registry.npmjs.org/@babel/helper-split-export-declaration/-/helper-split-export-declaration-7.8.3.tgz",
      "integrity": "sha512-3x3yOeyBhW851hroze7ElzdkeRXQYQbFIb7gLK1WQYsw2GWDay5gAJNw1sWJ0VFP6z5J1whqeXH/WCdCjZv6dA==",
      "requires": {
        "@babel/types": "^7.8.3"
      }
    },
    "@babel/helper-wrap-function": {
      "version": "7.8.3",
      "resolved": "https://registry.npmjs.org/@babel/helper-wrap-function/-/helper-wrap-function-7.8.3.tgz",
      "integrity": "sha512-LACJrbUET9cQDzb6kG7EeD7+7doC3JNvUgTEQOx2qaO1fKlzE/Bf05qs9w1oXQMmXlPO65lC3Tq9S6gZpTErEQ==",
      "requires": {
        "@babel/helper-function-name": "^7.8.3",
        "@babel/template": "^7.8.3",
        "@babel/traverse": "^7.8.3",
        "@babel/types": "^7.8.3"
      }
    },
    "@babel/highlight": {
      "version": "7.8.3",
      "resolved": "https://registry.npmjs.org/@babel/highlight/-/highlight-7.8.3.tgz",
      "integrity": "sha512-PX4y5xQUvy0fnEVHrYOarRPXVWafSjTW9T0Hab8gVIawpl2Sj0ORyrygANq+KjcNlSSTw0YCLSNA8OyZ1I4yEg==",
      "requires": {
        "chalk": "^2.0.0",
        "esutils": "^2.0.2",
        "js-tokens": "^4.0.0"
      }
    },
    "@babel/parser": {
      "version": "7.8.8",
      "resolved": "https://registry.npmjs.org/@babel/parser/-/parser-7.8.8.tgz",
      "integrity": "sha512-mO5GWzBPsPf6865iIbzNE0AvkKF3NE+2S3eRUpE+FE07BOAkXh6G+GW/Pj01hhXjve1WScbaIO4UlY1JKeqCcA=="
    },
    "@babel/plugin-proposal-class-properties": {
      "version": "7.8.3",
      "resolved": "https://registry.npmjs.org/@babel/plugin-proposal-class-properties/-/plugin-proposal-class-properties-7.8.3.tgz",
      "integrity": "sha512-EqFhbo7IosdgPgZggHaNObkmO1kNUe3slaKu54d5OWvy+p9QIKOzK1GAEpAIsZtWVtPXUHSMcT4smvDrCfY4AA==",
      "requires": {
        "@babel/helper-create-class-features-plugin": "^7.8.3",
        "@babel/helper-plugin-utils": "^7.8.3"
      },
      "dependencies": {
        "@babel/helper-plugin-utils": {
          "version": "7.8.3",
          "resolved": "https://registry.npmjs.org/@babel/helper-plugin-utils/-/helper-plugin-utils-7.8.3.tgz",
          "integrity": "sha512-j+fq49Xds2smCUNYmEHF9kGNkhbet6yVIBp4e6oeQpH1RUs/Ir06xUKzDjDkGcaaokPiTNs2JBWHjaE4csUkZQ=="
        }
      }
    },
    "@babel/plugin-proposal-decorators": {
      "version": "7.8.3",
      "resolved": "https://registry.npmjs.org/@babel/plugin-proposal-decorators/-/plugin-proposal-decorators-7.8.3.tgz",
      "integrity": "sha512-e3RvdvS4qPJVTe288DlXjwKflpfy1hr0j5dz5WpIYYeP7vQZg2WfAEIp8k5/Lwis/m5REXEteIz6rrcDtXXG7w==",
      "requires": {
        "@babel/helper-create-class-features-plugin": "^7.8.3",
        "@babel/helper-plugin-utils": "^7.8.3",
        "@babel/plugin-syntax-decorators": "^7.8.3"
      },
      "dependencies": {
        "@babel/helper-plugin-utils": {
          "version": "7.8.3",
          "resolved": "https://registry.npmjs.org/@babel/helper-plugin-utils/-/helper-plugin-utils-7.8.3.tgz",
          "integrity": "sha512-j+fq49Xds2smCUNYmEHF9kGNkhbet6yVIBp4e6oeQpH1RUs/Ir06xUKzDjDkGcaaokPiTNs2JBWHjaE4csUkZQ=="
        }
      }
    },
    "@babel/plugin-proposal-do-expressions": {
      "version": "7.8.3",
      "resolved": "https://registry.npmjs.org/@babel/plugin-proposal-do-expressions/-/plugin-proposal-do-expressions-7.8.3.tgz",
      "integrity": "sha512-NoMcN+0+SS1DVswjDCfz+Jfm9ViOYuFtv1lm0QInEugbEXK2iH3jeSq38WmIiTP+2QKqo2zt8xku77gqHINZkw==",
      "requires": {
        "@babel/helper-plugin-utils": "^7.8.3",
        "@babel/plugin-syntax-do-expressions": "^7.8.3"
      },
      "dependencies": {
        "@babel/helper-plugin-utils": {
          "version": "7.8.3",
          "resolved": "https://registry.npmjs.org/@babel/helper-plugin-utils/-/helper-plugin-utils-7.8.3.tgz",
          "integrity": "sha512-j+fq49Xds2smCUNYmEHF9kGNkhbet6yVIBp4e6oeQpH1RUs/Ir06xUKzDjDkGcaaokPiTNs2JBWHjaE4csUkZQ=="
        }
      }
    },
    "@babel/plugin-proposal-export-default-from": {
      "version": "7.8.3",
      "resolved": "https://registry.npmjs.org/@babel/plugin-proposal-export-default-from/-/plugin-proposal-export-default-from-7.8.3.tgz",
      "integrity": "sha512-PYtv2S2OdCdp7GSPDg5ndGZFm9DmWFvuLoS5nBxZCgOBggluLnhTScspJxng96alHQzPyrrHxvC9/w4bFuspeA==",
      "requires": {
        "@babel/helper-plugin-utils": "^7.8.3",
        "@babel/plugin-syntax-export-default-from": "^7.8.3"
      },
      "dependencies": {
        "@babel/helper-plugin-utils": {
          "version": "7.8.3",
          "resolved": "https://registry.npmjs.org/@babel/helper-plugin-utils/-/helper-plugin-utils-7.8.3.tgz",
          "integrity": "sha512-j+fq49Xds2smCUNYmEHF9kGNkhbet6yVIBp4e6oeQpH1RUs/Ir06xUKzDjDkGcaaokPiTNs2JBWHjaE4csUkZQ=="
        }
      }
    },
    "@babel/plugin-proposal-export-namespace-from": {
      "version": "7.8.3",
      "resolved": "https://registry.npmjs.org/@babel/plugin-proposal-export-namespace-from/-/plugin-proposal-export-namespace-from-7.8.3.tgz",
      "integrity": "sha512-WKK+9jz6TWUTX1uej9/EUVOmM1sK7aHv6bZyxbUV3NJjbiIZRqJITeXGMo7D631J72PEnIORh5VOlFCSlrLicg==",
      "requires": {
        "@babel/helper-plugin-utils": "^7.8.3",
        "@babel/plugin-syntax-export-namespace-from": "^7.8.3"
      },
      "dependencies": {
        "@babel/helper-plugin-utils": {
          "version": "7.8.3",
          "resolved": "https://registry.npmjs.org/@babel/helper-plugin-utils/-/helper-plugin-utils-7.8.3.tgz",
          "integrity": "sha512-j+fq49Xds2smCUNYmEHF9kGNkhbet6yVIBp4e6oeQpH1RUs/Ir06xUKzDjDkGcaaokPiTNs2JBWHjaE4csUkZQ=="
        }
      }
    },
    "@babel/plugin-proposal-function-bind": {
      "version": "7.8.3",
      "resolved": "https://registry.npmjs.org/@babel/plugin-proposal-function-bind/-/plugin-proposal-function-bind-7.8.3.tgz",
      "integrity": "sha512-6q7VAHJQa9x4P6Lm6h6KHoJUEhx2r1buFKseHICe0ogb1LWxducO4tsQp3hd/7BVBo485YBsn6tJnpuwWm/9cA==",
      "requires": {
        "@babel/helper-plugin-utils": "^7.8.3",
        "@babel/plugin-syntax-function-bind": "^7.8.3"
      },
      "dependencies": {
        "@babel/helper-plugin-utils": {
          "version": "7.8.3",
          "resolved": "https://registry.npmjs.org/@babel/helper-plugin-utils/-/helper-plugin-utils-7.8.3.tgz",
          "integrity": "sha512-j+fq49Xds2smCUNYmEHF9kGNkhbet6yVIBp4e6oeQpH1RUs/Ir06xUKzDjDkGcaaokPiTNs2JBWHjaE4csUkZQ=="
        }
      }
    },
    "@babel/plugin-proposal-function-sent": {
      "version": "7.8.3",
      "resolved": "https://registry.npmjs.org/@babel/plugin-proposal-function-sent/-/plugin-proposal-function-sent-7.8.3.tgz",
      "integrity": "sha512-lu9wQjLnXd6Zy6eBKr0gE175xfD+da1rv2wOWEnZlD5KIxl894Tg34ppZ7ANR0jzQJMn+7pGuzSdy6JK4zGtKg==",
      "requires": {
        "@babel/helper-plugin-utils": "^7.8.3",
        "@babel/helper-wrap-function": "^7.8.3",
        "@babel/plugin-syntax-function-sent": "^7.8.3"
      },
      "dependencies": {
        "@babel/helper-plugin-utils": {
          "version": "7.8.3",
          "resolved": "https://registry.npmjs.org/@babel/helper-plugin-utils/-/helper-plugin-utils-7.8.3.tgz",
          "integrity": "sha512-j+fq49Xds2smCUNYmEHF9kGNkhbet6yVIBp4e6oeQpH1RUs/Ir06xUKzDjDkGcaaokPiTNs2JBWHjaE4csUkZQ=="
        }
      }
    },
    "@babel/plugin-proposal-logical-assignment-operators": {
      "version": "7.8.3",
      "resolved": "https://registry.npmjs.org/@babel/plugin-proposal-logical-assignment-operators/-/plugin-proposal-logical-assignment-operators-7.8.3.tgz",
      "integrity": "sha512-TLPLojGZYBeeoesO2NQIMLUJKD9N5oJlxG6iHLx7l7EvNQP5DfzeyxdI2lMPo5I7ih4Jv/vxrlwIPf6aJw422Q==",
      "requires": {
        "@babel/helper-plugin-utils": "^7.8.3",
        "@babel/plugin-syntax-logical-assignment-operators": "^7.8.3"
      },
      "dependencies": {
        "@babel/helper-plugin-utils": {
          "version": "7.8.3",
          "resolved": "https://registry.npmjs.org/@babel/helper-plugin-utils/-/helper-plugin-utils-7.8.3.tgz",
          "integrity": "sha512-j+fq49Xds2smCUNYmEHF9kGNkhbet6yVIBp4e6oeQpH1RUs/Ir06xUKzDjDkGcaaokPiTNs2JBWHjaE4csUkZQ=="
        }
      }
    },
    "@babel/plugin-proposal-numeric-separator": {
      "version": "7.8.3",
      "resolved": "https://registry.npmjs.org/@babel/plugin-proposal-numeric-separator/-/plugin-proposal-numeric-separator-7.8.3.tgz",
      "integrity": "sha512-jWioO1s6R/R+wEHizfaScNsAx+xKgwTLNXSh7tTC4Usj3ItsPEhYkEpU4h+lpnBwq7NBVOJXfO6cRFYcX69JUQ==",
      "requires": {
        "@babel/helper-plugin-utils": "^7.8.3",
        "@babel/plugin-syntax-numeric-separator": "^7.8.3"
      },
      "dependencies": {
        "@babel/helper-plugin-utils": {
          "version": "7.8.3",
          "resolved": "https://registry.npmjs.org/@babel/helper-plugin-utils/-/helper-plugin-utils-7.8.3.tgz",
          "integrity": "sha512-j+fq49Xds2smCUNYmEHF9kGNkhbet6yVIBp4e6oeQpH1RUs/Ir06xUKzDjDkGcaaokPiTNs2JBWHjaE4csUkZQ=="
        }
      }
    },
    "@babel/plugin-proposal-pipeline-operator": {
      "version": "7.8.3",
      "resolved": "https://registry.npmjs.org/@babel/plugin-proposal-pipeline-operator/-/plugin-proposal-pipeline-operator-7.8.3.tgz",
      "integrity": "sha512-Z0qV3aUYoLUAnVLdfLTlz/GJYfcrbX7Mhrp897Twik29wQseAFAAXQ4TPvN1oswVBHdN74sLPIn9HVfTXtjuQA==",
      "requires": {
        "@babel/helper-plugin-utils": "^7.8.3",
        "@babel/plugin-syntax-pipeline-operator": "^7.8.3"
      },
      "dependencies": {
        "@babel/helper-plugin-utils": {
          "version": "7.8.3",
          "resolved": "https://registry.npmjs.org/@babel/helper-plugin-utils/-/helper-plugin-utils-7.8.3.tgz",
          "integrity": "sha512-j+fq49Xds2smCUNYmEHF9kGNkhbet6yVIBp4e6oeQpH1RUs/Ir06xUKzDjDkGcaaokPiTNs2JBWHjaE4csUkZQ=="
        }
      }
    },
    "@babel/plugin-proposal-throw-expressions": {
      "version": "7.8.3",
      "resolved": "https://registry.npmjs.org/@babel/plugin-proposal-throw-expressions/-/plugin-proposal-throw-expressions-7.8.3.tgz",
      "integrity": "sha512-tH40s9JnoR+r45ZXKWW+PC5xzPQfVJix3pR1D8Ty5l9sn5NnrbZUzw8MtnNxu/Bz7p0imyeSYj9FQVccEymOEg==",
      "requires": {
        "@babel/helper-plugin-utils": "^7.8.3",
        "@babel/plugin-syntax-throw-expressions": "^7.8.3"
      },
      "dependencies": {
        "@babel/helper-plugin-utils": {
          "version": "7.8.3",
          "resolved": "https://registry.npmjs.org/@babel/helper-plugin-utils/-/helper-plugin-utils-7.8.3.tgz",
          "integrity": "sha512-j+fq49Xds2smCUNYmEHF9kGNkhbet6yVIBp4e6oeQpH1RUs/Ir06xUKzDjDkGcaaokPiTNs2JBWHjaE4csUkZQ=="
        }
      }
    },
    "@babel/plugin-syntax-decorators": {
      "version": "7.8.3",
      "resolved": "https://registry.npmjs.org/@babel/plugin-syntax-decorators/-/plugin-syntax-decorators-7.8.3.tgz",
      "integrity": "sha512-8Hg4dNNT9/LcA1zQlfwuKR8BUc/if7Q7NkTam9sGTcJphLwpf2g4S42uhspQrIrR+dpzE0dtTqBVFoHl8GtnnQ==",
      "requires": {
        "@babel/helper-plugin-utils": "^7.8.3"
      },
      "dependencies": {
        "@babel/helper-plugin-utils": {
          "version": "7.8.3",
          "resolved": "https://registry.npmjs.org/@babel/helper-plugin-utils/-/helper-plugin-utils-7.8.3.tgz",
          "integrity": "sha512-j+fq49Xds2smCUNYmEHF9kGNkhbet6yVIBp4e6oeQpH1RUs/Ir06xUKzDjDkGcaaokPiTNs2JBWHjaE4csUkZQ=="
        }
      }
    },
    "@babel/plugin-syntax-do-expressions": {
      "version": "7.8.3",
      "resolved": "https://registry.npmjs.org/@babel/plugin-syntax-do-expressions/-/plugin-syntax-do-expressions-7.8.3.tgz",
      "integrity": "sha512-puRiUTVDQ69iRX41eeVWqOftZK31waWqZfwKB/TGzPfgi7097twx/DpwfOfyqEGqYtvpQF3jpHwT6UBzvSyAjw==",
      "requires": {
        "@babel/helper-plugin-utils": "^7.8.3"
      },
      "dependencies": {
        "@babel/helper-plugin-utils": {
          "version": "7.8.3",
          "resolved": "https://registry.npmjs.org/@babel/helper-plugin-utils/-/helper-plugin-utils-7.8.3.tgz",
          "integrity": "sha512-j+fq49Xds2smCUNYmEHF9kGNkhbet6yVIBp4e6oeQpH1RUs/Ir06xUKzDjDkGcaaokPiTNs2JBWHjaE4csUkZQ=="
        }
      }
    },
    "@babel/plugin-syntax-export-default-from": {
      "version": "7.8.3",
      "resolved": "https://registry.npmjs.org/@babel/plugin-syntax-export-default-from/-/plugin-syntax-export-default-from-7.8.3.tgz",
      "integrity": "sha512-a1qnnsr73KLNIQcQlcQ4ZHxqqfBKM6iNQZW2OMTyxNbA2WC7SHWHtGVpFzWtQAuS2pspkWVzdEBXXx8Ik0Za4w==",
      "requires": {
        "@babel/helper-plugin-utils": "^7.8.3"
      },
      "dependencies": {
        "@babel/helper-plugin-utils": {
          "version": "7.8.3",
          "resolved": "https://registry.npmjs.org/@babel/helper-plugin-utils/-/helper-plugin-utils-7.8.3.tgz",
          "integrity": "sha512-j+fq49Xds2smCUNYmEHF9kGNkhbet6yVIBp4e6oeQpH1RUs/Ir06xUKzDjDkGcaaokPiTNs2JBWHjaE4csUkZQ=="
        }
      }
    },
    "@babel/plugin-syntax-export-namespace-from": {
      "version": "7.8.3",
      "resolved": "https://registry.npmjs.org/@babel/plugin-syntax-export-namespace-from/-/plugin-syntax-export-namespace-from-7.8.3.tgz",
      "integrity": "sha512-MXf5laXo6c1IbEbegDmzGPwGNTsHZmEy6QGznu5Sh2UCWvueywb2ee+CCE4zQiZstxU9BMoQO9i6zUFSY0Kj0Q==",
      "requires": {
        "@babel/helper-plugin-utils": "^7.8.3"
      },
      "dependencies": {
        "@babel/helper-plugin-utils": {
          "version": "7.8.3",
          "resolved": "https://registry.npmjs.org/@babel/helper-plugin-utils/-/helper-plugin-utils-7.8.3.tgz",
          "integrity": "sha512-j+fq49Xds2smCUNYmEHF9kGNkhbet6yVIBp4e6oeQpH1RUs/Ir06xUKzDjDkGcaaokPiTNs2JBWHjaE4csUkZQ=="
        }
      }
    },
    "@babel/plugin-syntax-function-bind": {
      "version": "7.8.3",
      "resolved": "https://registry.npmjs.org/@babel/plugin-syntax-function-bind/-/plugin-syntax-function-bind-7.8.3.tgz",
      "integrity": "sha512-gEYag4Q3CfqlQcJQQw/KSWdV2husGOnIsOsRlyzkoaNqj2V/V/CSdSJDCGSl67oJ1bdIYP6TjORWPH561dSJpA==",
      "requires": {
        "@babel/helper-plugin-utils": "^7.8.3"
      },
      "dependencies": {
        "@babel/helper-plugin-utils": {
          "version": "7.8.3",
          "resolved": "https://registry.npmjs.org/@babel/helper-plugin-utils/-/helper-plugin-utils-7.8.3.tgz",
          "integrity": "sha512-j+fq49Xds2smCUNYmEHF9kGNkhbet6yVIBp4e6oeQpH1RUs/Ir06xUKzDjDkGcaaokPiTNs2JBWHjaE4csUkZQ=="
        }
      }
    },
    "@babel/plugin-syntax-function-sent": {
      "version": "7.8.3",
      "resolved": "https://registry.npmjs.org/@babel/plugin-syntax-function-sent/-/plugin-syntax-function-sent-7.8.3.tgz",
      "integrity": "sha512-NNEutF0x2PdWYij2bmf/i50dSq4SUdgFij4BZwj3I4qDZgql3dlFJRyvwGHAhwKYElUKHaP0wQ/yO1d/enpJaw==",
      "requires": {
        "@babel/helper-plugin-utils": "^7.8.3"
      },
      "dependencies": {
        "@babel/helper-plugin-utils": {
          "version": "7.8.3",
          "resolved": "https://registry.npmjs.org/@babel/helper-plugin-utils/-/helper-plugin-utils-7.8.3.tgz",
          "integrity": "sha512-j+fq49Xds2smCUNYmEHF9kGNkhbet6yVIBp4e6oeQpH1RUs/Ir06xUKzDjDkGcaaokPiTNs2JBWHjaE4csUkZQ=="
        }
      }
    },
    "@babel/plugin-syntax-import-meta": {
      "version": "7.8.3",
      "resolved": "https://registry.npmjs.org/@babel/plugin-syntax-import-meta/-/plugin-syntax-import-meta-7.8.3.tgz",
      "integrity": "sha512-vYiGd4wQ9gx0Lngb7+bPCwQXGK/PR6FeTIJ+TIOlq+OfOKG/kCAOO2+IBac3oMM9qV7/fU76hfcqxUaLKZf1hQ==",
      "requires": {
        "@babel/helper-plugin-utils": "^7.8.3"
      },
      "dependencies": {
        "@babel/helper-plugin-utils": {
          "version": "7.8.3",
          "resolved": "https://registry.npmjs.org/@babel/helper-plugin-utils/-/helper-plugin-utils-7.8.3.tgz",
          "integrity": "sha512-j+fq49Xds2smCUNYmEHF9kGNkhbet6yVIBp4e6oeQpH1RUs/Ir06xUKzDjDkGcaaokPiTNs2JBWHjaE4csUkZQ=="
        }
      }
    },
    "@babel/plugin-syntax-logical-assignment-operators": {
      "version": "7.8.3",
      "resolved": "https://registry.npmjs.org/@babel/plugin-syntax-logical-assignment-operators/-/plugin-syntax-logical-assignment-operators-7.8.3.tgz",
      "integrity": "sha512-Zpg2Sgc++37kuFl6ppq2Q7Awc6E6AIW671x5PY8E/f7MCIyPPGK/EoeZXvvY3P42exZ3Q4/t3YOzP/HiN79jDg==",
      "requires": {
        "@babel/helper-plugin-utils": "^7.8.3"
      },
      "dependencies": {
        "@babel/helper-plugin-utils": {
          "version": "7.8.3",
          "resolved": "https://registry.npmjs.org/@babel/helper-plugin-utils/-/helper-plugin-utils-7.8.3.tgz",
          "integrity": "sha512-j+fq49Xds2smCUNYmEHF9kGNkhbet6yVIBp4e6oeQpH1RUs/Ir06xUKzDjDkGcaaokPiTNs2JBWHjaE4csUkZQ=="
        }
      }
    },
    "@babel/plugin-syntax-numeric-separator": {
      "version": "7.8.3",
      "resolved": "https://registry.npmjs.org/@babel/plugin-syntax-numeric-separator/-/plugin-syntax-numeric-separator-7.8.3.tgz",
      "integrity": "sha512-H7dCMAdN83PcCmqmkHB5dtp+Xa9a6LKSvA2hiFBC/5alSHxM5VgWZXFqDi0YFe8XNGT6iCa+z4V4zSt/PdZ7Dw==",
      "requires": {
        "@babel/helper-plugin-utils": "^7.8.3"
      },
      "dependencies": {
        "@babel/helper-plugin-utils": {
          "version": "7.8.3",
          "resolved": "https://registry.npmjs.org/@babel/helper-plugin-utils/-/helper-plugin-utils-7.8.3.tgz",
          "integrity": "sha512-j+fq49Xds2smCUNYmEHF9kGNkhbet6yVIBp4e6oeQpH1RUs/Ir06xUKzDjDkGcaaokPiTNs2JBWHjaE4csUkZQ=="
        }
      }
    },
    "@babel/plugin-syntax-pipeline-operator": {
      "version": "7.8.3",
      "resolved": "https://registry.npmjs.org/@babel/plugin-syntax-pipeline-operator/-/plugin-syntax-pipeline-operator-7.8.3.tgz",
      "integrity": "sha512-GhiBvlXZLWeP+MjKaEv33KmiR/QMCv4iCwz1AuuAp7pHxBvOxxyQmIPukh+N/py6PRLYG10bvRCNeenG34QbDA==",
      "requires": {
        "@babel/helper-plugin-utils": "^7.8.3"
      },
      "dependencies": {
        "@babel/helper-plugin-utils": {
          "version": "7.8.3",
          "resolved": "https://registry.npmjs.org/@babel/helper-plugin-utils/-/helper-plugin-utils-7.8.3.tgz",
          "integrity": "sha512-j+fq49Xds2smCUNYmEHF9kGNkhbet6yVIBp4e6oeQpH1RUs/Ir06xUKzDjDkGcaaokPiTNs2JBWHjaE4csUkZQ=="
        }
      }
    },
    "@babel/plugin-syntax-throw-expressions": {
      "version": "7.8.3",
      "resolved": "https://registry.npmjs.org/@babel/plugin-syntax-throw-expressions/-/plugin-syntax-throw-expressions-7.8.3.tgz",
      "integrity": "sha512-Mv3shY1i7ZssY4OY+eLZJAmNCwqTcpv2qOKO9x6irELSygfKWVSMXk0igJsA9UhU4hOdw0qMGkjj9TAk4MqzwQ==",
      "requires": {
        "@babel/helper-plugin-utils": "^7.8.3"
      },
      "dependencies": {
        "@babel/helper-plugin-utils": {
          "version": "7.8.3",
          "resolved": "https://registry.npmjs.org/@babel/helper-plugin-utils/-/helper-plugin-utils-7.8.3.tgz",
          "integrity": "sha512-j+fq49Xds2smCUNYmEHF9kGNkhbet6yVIBp4e6oeQpH1RUs/Ir06xUKzDjDkGcaaokPiTNs2JBWHjaE4csUkZQ=="
        }
      }
    },
    "@babel/template": {
      "version": "7.8.6",
      "resolved": "https://registry.npmjs.org/@babel/template/-/template-7.8.6.tgz",
      "integrity": "sha512-zbMsPMy/v0PWFZEhQJ66bqjhH+z0JgMoBWuikXybgG3Gkd/3t5oQ1Rw2WQhnSrsOmsKXnZOx15tkC4qON/+JPg==",
      "requires": {
        "@babel/code-frame": "^7.8.3",
        "@babel/parser": "^7.8.6",
        "@babel/types": "^7.8.6"
      }
    },
    "@babel/traverse": {
      "version": "7.8.6",
      "resolved": "https://registry.npmjs.org/@babel/traverse/-/traverse-7.8.6.tgz",
      "integrity": "sha512-2B8l0db/DPi8iinITKuo7cbPznLCEk0kCxDoB9/N6gGNg/gxOXiR/IcymAFPiBwk5w6TtQ27w4wpElgp9btR9A==",
      "requires": {
        "@babel/code-frame": "^7.8.3",
        "@babel/generator": "^7.8.6",
        "@babel/helper-function-name": "^7.8.3",
        "@babel/helper-split-export-declaration": "^7.8.3",
        "@babel/parser": "^7.8.6",
        "@babel/types": "^7.8.6",
        "debug": "^4.1.0",
        "globals": "^11.1.0",
        "lodash": "^4.17.13"
      }
    },
    "@babel/types": {
      "version": "7.8.7",
      "resolved": "https://registry.npmjs.org/@babel/types/-/types-7.8.7.tgz",
      "integrity": "sha512-k2TreEHxFA4CjGkL+GYjRyx35W0Mr7DP5+9q6WMkyKXB+904bYmG40syjMFV0oLlhhFCwWl0vA0DyzTDkwAiJw==",
      "requires": {
        "esutils": "^2.0.2",
        "lodash": "^4.17.13",
        "to-fast-properties": "^2.0.0"
      }
    },
    "ansi-styles": {
      "version": "3.2.1",
      "resolved": "https://registry.npmjs.org/ansi-styles/-/ansi-styles-3.2.1.tgz",
      "integrity": "sha512-VT0ZI6kZRdTh8YyJw3SMbYm/u+NqfsAxEpWO0Pf9sq8/e94WxxOpPKx9FR1FlyCtOVDNOQ+8ntlqFxiRc+r5qA==",
      "requires": {
        "color-convert": "^1.9.0"
      }
    },
    "chalk": {
      "version": "2.4.2",
      "resolved": "https://registry.npmjs.org/chalk/-/chalk-2.4.2.tgz",
      "integrity": "sha512-Mti+f9lpJNcwF4tWV8/OrTTtF1gZi+f8FqlyAdouralcFWFQWF2+NgCHShjkCb+IFBLq9buZwE1xckQU4peSuQ==",
      "requires": {
        "ansi-styles": "^3.2.1",
        "escape-string-regexp": "^1.0.5",
        "supports-color": "^5.3.0"
      }
    },
    "color-convert": {
      "version": "1.9.3",
      "resolved": "https://registry.npmjs.org/color-convert/-/color-convert-1.9.3.tgz",
      "integrity": "sha512-QfAUtd+vFdAtFQcC8CCyYt1fYWxSqAiK2cSD6zDB8N3cpsEBAvRxp9zOGg6G/SHHJYAT88/az/IuDGALsNVbGg==",
      "requires": {
        "color-name": "1.1.3"
      }
    },
    "color-name": {
      "version": "1.1.3",
      "resolved": "https://registry.npmjs.org/color-name/-/color-name-1.1.3.tgz",
      "integrity": "sha1-p9BVi9icQveV3UIyj3QIMcpTvCU="
    },
    "debug": {
      "version": "4.1.1",
      "resolved": "https://registry.npmjs.org/debug/-/debug-4.1.1.tgz",
      "integrity": "sha512-pYAIzeRo8J6KPEaJ0VWOh5Pzkbw/RetuzehGM7QRRX5he4fPHx2rdKMB256ehJCkX+XRQm16eZLqLNS8RSZXZw==",
      "requires": {
        "ms": "^2.1.1"
      }
    },
    "escape-string-regexp": {
      "version": "1.0.5",
      "resolved": "https://registry.npmjs.org/escape-string-regexp/-/escape-string-regexp-1.0.5.tgz",
      "integrity": "sha1-G2HAViGQqN/2rjuyzwIAyhMLhtQ="
    },
    "esutils": {
      "version": "2.0.3",
      "resolved": "https://registry.npmjs.org/esutils/-/esutils-2.0.3.tgz",
      "integrity": "sha512-kVscqXk4OCp68SZ0dkgEKVi6/8ij300KBWTJq32P/dYeWTSwK41WyTxalN1eRmA5Z9UU/LX9D7FWSmV9SAYx6g=="
    },
    "globals": {
      "version": "11.12.0",
      "resolved": "https://registry.npmjs.org/globals/-/globals-11.12.0.tgz",
      "integrity": "sha512-WOBp/EEGUiIsJSp7wcv/y6MO+lV9UoncWqxuFfm8eBwzWNgyfBd6Gz+IeKQ9jCmyhoH99g15M3T+QaVHFjizVA=="
    },
    "has-flag": {
      "version": "3.0.0",
      "resolved": "https://registry.npmjs.org/has-flag/-/has-flag-3.0.0.tgz",
      "integrity": "sha1-tdRU3CGZriJWmfNGfloH87lVuv0="
    },
    "js-tokens": {
      "version": "4.0.0",
      "resolved": "https://registry.npmjs.org/js-tokens/-/js-tokens-4.0.0.tgz",
      "integrity": "sha512-RdJUflcE3cUzKiMqQgsCu06FPu9UdIJO0beYbPhHN4k6apgJtifcoCtT9bcxOpYBtpD2kCM6Sbzg4CausW/PKQ=="
    },
    "jsesc": {
      "version": "2.5.2",
      "resolved": "https://registry.npmjs.org/jsesc/-/jsesc-2.5.2.tgz",
      "integrity": "sha512-OYu7XEzjkCQ3C5Ps3QIZsQfNpqoJyZZA99wd9aWd05NCtC5pWOkShK2mkL6HXQR6/Cy2lbNdPlZBpuQHXE63gA=="
    },
    "lodash": {
      "version": "4.17.21",
      "resolved": "https://registry.npmjs.org/lodash/-/lodash-4.17.21.tgz",
      "integrity": "sha512-v2kDEe57lecTulaDIuNTPy3Ry4gLGJ6Z1O3vE1krgXZNrsQ+LFTGHVxVjcXPs17LhbZVGedAJv8XZ1tvj5FvSg=="
    },
    "ms": {
      "version": "2.1.2",
      "resolved": "https://registry.npmjs.org/ms/-/ms-2.1.2.tgz",
      "integrity": "sha512-sGkPx+VjMtmA6MX27oA4FBFELFCZZ4S4XqeGOXCv68tT+jb3vk/RyaKWP0PTKyWtmLSM0b+adUTEvbs1PEaH2w=="
    },
    "source-map": {
      "version": "0.5.7",
      "resolved": "https://registry.npmjs.org/source-map/-/source-map-0.5.7.tgz",
      "integrity": "sha1-igOdLRAh0i0eoUyA2OpGi6LvP8w="
    },
    "supports-color": {
      "version": "5.5.0",
      "resolved": "https://registry.npmjs.org/supports-color/-/supports-color-5.5.0.tgz",
      "integrity": "sha512-QjVjwdXIt408MIiAqCX4oUKsgU2EqAGzs2Ppkm4aQYbjm+ZEWEcW4SfFNTr4uMNZma0ey4f5lgLrkB0aX0QMow==",
      "requires": {
        "has-flag": "^3.0.0"
      }
    },
    "to-fast-properties": {
      "version": "2.0.0",
      "resolved": "https://registry.npmjs.org/to-fast-properties/-/to-fast-properties-2.0.0.tgz",
      "integrity": "sha1-3F5pjL0HkmW8c+A3doGk5Og/YW4="
    }
  }
}
